
Microsoft Visual Studio Solution File, Format Version 12.00
# Visual Studio Version 17
VisualStudioVersion = 17.6.33712.159
MinimumVisualStudioVersion = 10.0.40219.1
Project("{2150E333-8FDC-42A3-9474-1A3956D46DE8}") = "Behavioral Patterns", "Behavioral Patterns", "{2E9FB98D-84E3-4928-B71D-759FB53AC293}"
EndProject
Project("{2150E333-8FDC-42A3-9474-1A3956D46DE8}") = "Creational Patterns", "Creational Patterns", "{AD99ED70-336F-485D-8464-57485A7AEB2D}"
EndProject
Project("{2150E333-8FDC-42A3-9474-1A3956D46DE8}") = "Structural Patterns", "Structural Patterns", "{59500165-D458-49D0-9A5D-4A183A655013}"
EndProject
Project("{9A19103F-16F7-4668-BE54-9A1E7A4F7556}") = "SingletonPattern", "Creational Patterns\SingletonPattern\SingletonPattern.csproj", "{A44C5326-418A-4C8B-9E9E-EE1D74CD5475}"
EndProject
Project("{9A19103F-16F7-4668-BE54-9A1E7A4F7556}") = "ProxyPattern", "Structural Patterns\ProxyPattern\ProxyPattern.csproj", "{FB8D3B8A-7124-4C5C-A1EE-E0611BC5B186}"
EndProject
Project("{9A19103F-16F7-4668-BE54-9A1E7A4F7556}") = "StatePattern", "Behavioral Patterns\StatePattern\StatePattern.csproj", "{99663ED9-A29D-44DB-943A-4F0021181B48}"
EndProject
Project("{9A19103F-16F7-4668-BE54-9A1E7A4F7556}") = "BuilderPattern", "Creational Patterns\BuilderPattern\BuilderPattern.csproj", "{C5A7F9AC-42B5-494F-95AB-D5624E9A0862}"
EndProject
Project("{9A19103F-16F7-4668-BE54-9A1E7A4F7556}") = "AdapterPattern", "Structural Patterns\AdapterPattern\AdapterPattern.csproj", "{20CBD567-358C-4A99-9DFF-EF6E2EF73FB5}"
EndProject
Project("{9A19103F-16F7-4668-BE54-9A1E7A4F7556}") = "ChainOfResponsibilityPattern", "Behavioral Patterns\ChainOfResponsibilityPattern\ChainOfResponsibilityPattern.csproj", "{3904BF25-48E1-4074-85E5-C54C97DB0B7B}"
EndProject
Project("{FAE04EC0-301F-11D3-BF4B-00C04F79EFBC}") = "DesignPatternsEntry", "DesignPatternsEntry\DesignPatternsEntry.csproj", "{7F7E4FBA-3BD0-436F-9494-F37BE73D73CB}"
EndProject
Global
	GlobalSection(SolutionConfigurationPlatforms) = preSolution
		Debug|Any CPU = Debug|Any CPU
		Release|Any CPU = Release|Any CPU
	EndGlobalSection
	GlobalSection(ProjectConfigurationPlatforms) = postSolution
		{A44C5326-418A-4C8B-9E9E-EE1D74CD5475}.Debug|Any CPU.ActiveCfg = Debug|Any CPU
		{A44C5326-418A-4C8B-9E9E-EE1D74CD5475}.Debug|Any CPU.Build.0 = Debug|Any CPU
		{A44C5326-418A-4C8B-9E9E-EE1D74CD5475}.Release|Any CPU.ActiveCfg = Release|Any CPU
		{A44C5326-418A-4C8B-9E9E-EE1D74CD5475}.Release|Any CPU.Build.0 = Release|Any CPU
		{FB8D3B8A-7124-4C5C-A1EE-E0611BC5B186}.Debug|Any CPU.ActiveCfg = Debug|Any CPU
		{FB8D3B8A-7124-4C5C-A1EE-E0611BC5B186}.Debug|Any CPU.Build.0 = Debug|Any CPU
		{FB8D3B8A-7124-4C5C-A1EE-E0611BC5B186}.Release|Any CPU.ActiveCfg = Release|Any CPU
		{FB8D3B8A-7124-4C5C-A1EE-E0611BC5B186}.Release|Any CPU.Build.0 = Release|Any CPU
		{99663ED9-A29D-44DB-943A-4F0021181B48}.Debug|Any CPU.ActiveCfg = Debug|Any CPU
		{99663ED9-A29D-44DB-943A-4F0021181B48}.Debug|Any CPU.Build.0 = Debug|Any CPU
		{99663ED9-A29D-44DB-943A-4F0021181B48}.Release|Any CPU.ActiveCfg = Release|Any CPU
		{99663ED9-A29D-44DB-943A-4F0021181B48}.Release|Any CPU.Build.0 = Release|Any CPU
		{C5A7F9AC-42B5-494F-95AB-D5624E9A0862}.Debug|Any CPU.ActiveCfg = Debug|Any CPU
		{C5A7F9AC-42B5-494F-95AB-D5624E9A0862}.Debug|Any CPU.Build.0 = Debug|Any CPU
		{C5A7F9AC-42B5-494F-95AB-D5624E9A0862}.Release|Any CPU.ActiveCfg = Release|Any CPU
		{C5A7F9AC-42B5-494F-95AB-D5624E9A0862}.Release|Any CPU.Build.0 = Release|Any CPU
		{20CBD567-358C-4A99-9DFF-EF6E2EF73FB5}.Debug|Any CPU.ActiveCfg = Debug|Any CPU
		{20CBD567-358C-4A99-9DFF-EF6E2EF73FB5}.Debug|Any CPU.Build.0 = Debug|Any CPU
		{20CBD567-358C-4A99-9DFF-EF6E2EF73FB5}.Release|Any CPU.ActiveCfg = Release|Any CPU
		{20CBD567-358C-4A99-9DFF-EF6E2EF73FB5}.Release|Any CPU.Build.0 = Release|Any CPU
		{3904BF25-48E1-4074-85E5-C54C97DB0B7B}.Debug|Any CPU.ActiveCfg = Debug|Any CPU
		{3904BF25-48E1-4074-85E5-C54C97DB0B7B}.Debug|Any CPU.Build.0 = Debug|Any CPU
		{3904BF25-48E1-4074-85E5-C54C97DB0B7B}.Release|Any CPU.ActiveCfg = Release|Any CPU
		{3904BF25-48E1-4074-85E5-C54C97DB0B7B}.Release|Any CPU.Build.0 = Release|Any CPU
		{7F7E4FBA-3BD0-436F-9494-F37BE73D73CB}.Debug|Any CPU.ActiveCfg = Debug|Any CPU
		{7F7E4FBA-3BD0-436F-9494-F37BE73D73CB}.Debug|Any CPU.Build.0 = Debug|Any CPU
		{7F7E4FBA-3BD0-436F-9494-F37BE73D73CB}.Release|Any CPU.ActiveCfg = Release|Any CPU
		{7F7E4FBA-3BD0-436F-9494-F37BE73D73CB}.Release|Any CPU.Build.0 = Release|Any CPU
	EndGlobalSection
	GlobalSection(SolutionProperties) = preSolution
		HideSolutionNode = FALSE
	EndGlobalSection
	GlobalSection(NestedProjects) = preSolution
		{A44C5326-418A-4C8B-9E9E-EE1D74CD5475} = {AD99ED70-336F-485D-8464-57485A7AEB2D}
		{FB8D3B8A-7124-4C5C-A1EE-E0611BC5B186} = {59500165-D458-49D0-9A5D-4A183A655013}
		{99663ED9-A29D-44DB-943A-4F0021181B48} = {2E9FB98D-84E3-4928-B71D-759FB53AC293}
		{C5A7F9AC-42B5-494F-95AB-D5624E9A0862} = {AD99ED70-336F-485D-8464-57485A7AEB2D}
		{20CBD567-358C-4A99-9DFF-EF6E2EF73FB5} = {59500165-D458-49D0-9A5D-4A183A655013}
		{3904BF25-48E1-4074-85E5-C54C97DB0B7B} = {2E9FB98D-84E3-4928-B71D-759FB53AC293}
	EndGlobalSection
	GlobalSection(ExtensibilityGlobals) = postSolution
		SolutionGuid = {5FBB5F17-DBD7-4A7B-BBA6-67949F353CEB}
	EndGlobalSection
EndGlobal
